// !$*UTF8*$!
{
	archiveVersion = 1;
	classes = {
	};
	objectVersion = 50;
	objects = {

/* Begin PBXBuildFile section */
		FF10D26A24BC908500D318AD /* AppDelegate.swift in Sources */ = {isa = PBXBuildFile; fileRef = FF10D26924BC908500D318AD /* AppDelegate.swift */; };
		FF10D26C24BC908500D318AD /* SceneDelegate.swift in Sources */ = {isa = PBXBuildFile; fileRef = FF10D26B24BC908500D318AD /* SceneDelegate.swift */; };
		FF10D27124BC908500D318AD /* ContentView.swift in Sources */ = {isa = PBXBuildFile; fileRef = FF10D27024BC908500D318AD /* ContentView.swift */; };
		FF10D27324BC908600D318AD /* Assets.xcassets in Resources */ = {isa = PBXBuildFile; fileRef = FF10D27224BC908600D318AD /* Assets.xcassets */; };
		FF10D27624BC908600D318AD /* Preview Assets.xcassets in Resources */ = {isa = PBXBuildFile; fileRef = FF10D27524BC908600D318AD /* Preview Assets.xcassets */; };
		FF10D27924BC908700D318AD /* LaunchScreen.storyboard in Resources */ = {isa = PBXBuildFile; fileRef = FF10D27724BC908700D318AD /* LaunchScreen.storyboard */; };
		FFC8AFD424BF27E10048DB25 /* Model.xcdatamodeld in Sources */ = {isa = PBXBuildFile; fileRef = FFC8AFD224BF27E10048DB25 /* Model.xcdatamodeld */; };
		FFC8AFDB24BF38AD0048DB25 /* Item+CoreDataClass.swift in Sources */ = {isa = PBXBuildFile; fileRef = FFC8AFD924BF38AD0048DB25 /* Item+CoreDataClass.swift */; };
		FFC8AFDC24BF38AD0048DB25 /* Item+CoreDataProperties.swift in Sources */ = {isa = PBXBuildFile; fileRef = FFC8AFDA24BF38AD0048DB25 /* Item+CoreDataProperties.swift */; };
/* End PBXBuildFile section */

/* Begin PBXFileReference section */
		FF10D26624BC908400D318AD /* OrderedListBasedOnOrderedRelationship.app */ = {isa = PBXFileReference; explicitFileType = wrapper.application; includeInIndex = 0; path = OrderedListBasedOnOrderedRelationship.app; sourceTree = BUILT_PRODUCTS_DIR; };
		FF10D26924BC908500D318AD /* AppDelegate.swift */ = {isa = PBXFileReference; lastKnownFileType = sourcecode.swift; path = AppDelegate.swift; sourceTree = "<group>"; };
		FF10D26B24BC908500D318AD /* SceneDelegate.swift */ = {isa = PBXFileReference; lastKnownFileType = sourcecode.swift; path = SceneDelegate.swift; sourceTree = "<group>"; };
		FF10D27024BC908500D318AD /* ContentView.swift */ = {isa = PBXFileReference; lastKnownFileType = sourcecode.swift; path = ContentView.swift; sourceTree = "<group>"; };
		FF10D27224BC908600D318AD /* Assets.xcassets */ = {isa = PBXFileReference; lastKnownFileType = folder.assetcatalog; path = Assets.xcassets; sourceTree = "<group>"; };
		FF10D27524BC908600D318AD /* Preview Assets.xcassets */ = {isa = PBXFileReference; lastKnownFileType = folder.assetcatalog; path = "Preview Assets.xcassets"; sourceTree = "<group>"; };
		FF10D27824BC908700D318AD /* Base */ = {isa = PBXFileReference; lastKnownFileType = file.storyboard; name = Base; path = Base.lproj/LaunchScreen.storyboard; sourceTree = "<group>"; };
		FF10D27A24BC908700D318AD /* Info.plist */ = {isa = PBXFileReference; lastKnownFileType = text.plist.xml; path = Info.plist; sourceTree = "<group>"; };
		FFC8AFD324BF27E10048DB25 /* Model.xcdatamodel */ = {isa = PBXFileReference; lastKnownFileType = wrapper.xcdatamodel; path = Model.xcdatamodel; sourceTree = "<group>"; };
		FFC8AFD924BF38AD0048DB25 /* Item+CoreDataClass.swift */ = {isa = PBXFileReference; lastKnownFileType = sourcecode.swift; path = "Item+CoreDataClass.swift"; sourceTree = SOURCE_ROOT; };
		FFC8AFDA24BF38AD0048DB25 /* Item+CoreDataProperties.swift */ = {isa = PBXFileReference; lastKnownFileType = sourcecode.swift; path = "Item+CoreDataProperties.swift"; sourceTree = SOURCE_ROOT; };
/* End PBXFileReference section */

/* Begin PBXFrameworksBuildPhase section */
		FF10D26324BC908400D318AD /* Frameworks */ = {
			isa = PBXFrameworksBuildPhase;
			buildActionMask = 2147483647;
			files = (
			);
			runOnlyForDeploymentPostprocessing = 0;
		};
/* End PBXFrameworksBuildPhase section */

/* Begin PBXGroup section */
		FF10D25D24BC908400D318AD = {
			isa = PBXGroup;
			children = (
				FF10D26824BC908400D318AD /* OrderedListBasedOnOrderedRelationship */,
				FF10D26724BC908400D318AD /* Products */,
			);
			sourceTree = "<group>";
		};
		FF10D26724BC908400D318AD /* Products */ = {
			isa = PBXGroup;
			children = (
				FF10D26624BC908400D318AD /* OrderedListBasedOnOrderedRelationship.app */,
			);
			name = Products;
			sourceTree = "<group>";
		};
		FF10D26824BC908400D318AD /* OrderedListBasedOnOrderedRelationship */ = {
			isa = PBXGroup;
			children = (
				FFC8AFD924BF38AD0048DB25 /* Item+CoreDataClass.swift */,
				FFC8AFDA24BF38AD0048DB25 /* Item+CoreDataProperties.swift */,
				FF10D26924BC908500D318AD /* AppDelegate.swift */,
				FF10D26B24BC908500D318AD /* SceneDelegate.swift */,
				FF10D27024BC908500D318AD /* ContentView.swift */,
				FF10D27224BC908600D318AD /* Assets.xcassets */,
				FF10D27724BC908700D318AD /* LaunchScreen.storyboard */,
				FF10D27A24BC908700D318AD /* Info.plist */,
				FF10D27424BC908600D318AD /* Preview Content */,
				FFC8AFD224BF27E10048DB25 /* Model.xcdatamodeld */,
			);
			path = OrderedListBasedOnOrderedRelationship;
			sourceTree = "<group>";
		};
		FF10D27424BC908600D318AD /* Preview Content */ = {
			isa = PBXGroup;
			children = (
				FF10D27524BC908600D318AD /* Preview Assets.xcassets */,
			);
			path = "Preview Content";
			sourceTree = "<group>";
		};
/* End PBXGroup section */

/* Begin PBXNativeTarget section */
		FF10D26524BC908400D318AD /* OrderedListBasedOnOrderedRelationship */ = {
			isa = PBXNativeTarget;
			buildConfigurationList = FF10D27D24BC908700D318AD /* Build configuration list for PBXNativeTarget "OrderedListBasedOnOrderedRelationship" */;
			buildPhases = (
				FF10D26224BC908400D318AD /* Sources */,
				FF10D26324BC908400D318AD /* Frameworks */,
				FF10D26424BC908400D318AD /* Resources */,
			);
			buildRules = (
			);
			dependencies = (
			);
			name = OrderedListBasedOnOrderedRelationship;
			productName = OrderedListBasedOnOrderedRelationship;
			productReference = FF10D26624BC908400D318AD /* OrderedListBasedOnOrderedRelationship.app */;
			productType = "com.apple.product-type.application";
		};
/* End PBXNativeTarget section */

/* Begin PBXProject section */
		FF10D25E24BC908400D318AD /* Project object */ = {
			isa = PBXProject;
			attributes = {
				LastSwiftUpdateCheck = 1150;
				LastUpgradeCheck = 1150;
				ORGANIZATIONNAME = "Jonathan Hume";
				TargetAttributes = {
					FF10D26524BC908400D318AD = {
						CreatedOnToolsVersion = 11.5;
					};
				};
			};
			buildConfigurationList = FF10D26124BC908400D318AD /* Build configuration list for PBXProject "OrderedListBasedOnOrderedRelationship" */;
			compatibilityVersion = "Xcode 9.3";
			developmentRegion = en;
			hasScannedForEncodings = 0;
			knownRegions = (
				en,
				Base,
			);
			mainGroup = FF10D25D24BC908400D318AD;
			productRefGroup = FF10D26724BC908400D318AD /* Products */;
			projectDirPath = "";
			projectRoot = "";
			targets = (
				FF10D26524BC908400D318AD /* OrderedListBasedOnOrderedRelationship */,
			);
		};
/* End PBXProject section */

/* Begin PBXResourcesBuildPhase section */
		FF10D26424BC908400D318AD /* Resources */ = {
			isa = PBXResourcesBuildPhase;
			buildActionMask = 2147483647;
			files = (
				FF10D27924BC908700D318AD /* LaunchScreen.storyboard in Resources */,
				FF10D27624BC908600D318AD /* Preview Assets.xcassets in Resources */,
				FF10D27324BC908600D318AD /* Assets.xcassets in Resources */,
			);
			runOnlyForDeploymentPostprocessing = 0;
		};
/* End PBXResourcesBuildPhase section */

/* Begin PBXSourcesBuildPhase section */
		FF10D26224BC908400D318AD /* Sources */ = {
			isa = PBXSourcesBuildPhase;
			buildActionMask = 2147483647;
			files = (
				FFC8AFDC24BF38AD0048DB25 /* Item+CoreDataProperties.swift in Sources */,
				FFC8AFDB24BF38AD0048DB25 /* Item+CoreDataClass.swift in Sources */,
				FF10D26A24BC908500D318AD /* AppDelegate.swift in Sources */,
				FF10D27124BC908500D318AD /* ContentView.swift in Sources */,
				FF10D26C24BC908500D318AD /* SceneDelegate.swift in Sources */,
				FFC8AFD424BF27E10048DB25 /* Model.xcdatamodeld in Sources */,
			);
			runOnlyForDeploymentPostprocessing = 0;
		};
/* End PBXSourcesBuildPhase section */

/* Begin PBXVariantGroup section */
		FF10D27724BC908700D318AD /* LaunchScreen.storyboard */ = {
			isa = PBXVariantGroup;
			children = (
				FF10D27824BC908700D318AD /* Base */,
			);
			name = LaunchScreen.storyboard;
			sourceTree = "<group>";
		};
/* End PBXVariantGroup section */

/* Begin XCBuildConfiguration section */
		FF10D27B24BC908700D318AD /* Debug */ = {
			isa = XCBuildConfiguration;
			buildSettings = {
				ALWAYS_SEARCH_USER_PATHS = NO;
				CLANG_ANALYZER_NONNULL = YES;
				CLANG_ANALYZER_NUMBER_OBJECT_CONVERSION = YES_AGGRESSIVE;
				CLANG_CXX_LANGUAGE_STANDARD = "gnu++14";
				CLANG_CXX_LIBRARY = "libc++";
				CLANG_ENABLE_MODULES = YES;
				CLANG_ENABLE_OBJC_ARC = YES;
				CLANG_ENABLE_OBJC_WEAK = YES;
				CLANG_WARN_BLOCK_CAPTURE_AUTORELEASING = YES;
				CLANG_WARN_BOOL_CONVERSION = YES;
				CLANG_WARN_COMMA = YES;
				CLANG_WARN_CONSTANT_CONVERSION = YES;
				CLANG_WARN_DEPRECATED_OBJC_IMPLEMENTATIONS = YES;
				CLANG_WARN_DIRECT_OBJC_ISA_USAGE = YES_ERROR;
				CLANG_WARN_DOCUMENTATION_COMMENTS = YES;
				CLANG_WARN_EMPTY_BODY = YES;
				CLANG_WARN_ENUM_CONVERSION = YES;
				CLANG_WARN_INFINITE_RECURSION = YES;
				CLANG_WARN_INT_CONVERSION = YES;
				CLANG_WARN_NON_LITERAL_NULL_CONVERSION = YES;
				CLANG_WARN_OBJC_IMPLICIT_RETAIN_SELF = YES;
				CLANG_WARN_OBJC_LITERAL_CONVERSION = YES;
				CLANG_WARN_OBJC_ROOT_CLASS = YES_ERROR;
				CLANG_WARN_RANGE_LOOP_ANALYSIS = YES;
				CLANG_WARN_STRICT_PROTOTYPES = YES;
				CLANG_WARN_SUSPICIOUS_MOVE = YES;
				CLANG_WARN_UNGUARDED_AVAILABILITY = YES_AGGRESSIVE;
				CLANG_WARN_UNREACHABLE_CODE = YES;
				CLANG_WARN__DUPLICATE_METHOD_MATCH = YES;
				COPY_PHASE_STRIP = NO;
				DEBUG_INFORMATION_FORMAT = dwarf;
				ENABLE_STRICT_OBJC_MSGSEND = YES;
				ENABLE_TESTABILITY = YES;
				GCC_C_LANGUAGE_STANDARD = gnu11;
				GCC_DYNAMIC_NO_PIC = NO;
				GCC_NO_COMMON_BLOCKS = YES;
				GCC_OPTIMIZATION_LEVEL = 0;
				GCC_PREPROCESSOR_DEFINITIONS = (
					"DEBUG=1",
					"$(inherited)",
				);
				GCC_WARN_64_TO_32_BIT_CONVERSION = YES;
				GCC_WARN_ABOUT_RETURN_TYPE = YES_ERROR;
				GCC_WARN_UNDECLARED_SELECTOR = YES;
				GCC_WARN_UNINITIALIZED_AUTOS = YES_AGGRESSIVE;
				GCC_WARN_UNUSED_FUNCTION = YES;
				GCC_WARN_UNUSED_VARIABLE = YES;
				IPHONEOS_DEPLOYMENT_TARGET = 13.5;
				MTL_ENABLE_DEBUG_INFO = INCLUDE_SOURCE;
				MTL_FAST_MATH = YES;
				ONLY_ACTIVE_ARCH = YES;
				SDKROOT = iphoneos;
				SWIFT_ACTIVE_COMPILATION_CONDITIONS = DEBUG;
				SWIFT_OPTIMIZATION_LEVEL = "-Onone";
			};
			name = Debug;
		};
		FF10D27C24BC908700D318AD /* Release */ = {
			isa = XCBuildConfiguration;
			buildSettings = {
				ALWAYS_SEARCH_USER_PATHS = NO;
				CLANG_ANALYZER_NONNULL = YES;
				CLANG_ANALYZER_NUMBER_OBJECT_CONVERSION = YES_AGGRESSIVE;
				CLANG_CXX_LANGUAGE_STANDARD = "gnu++14";
				CLANG_CXX_LIBRARY = "libc++";
				CLANG_ENABLE_MODULES = YES;
				CLANG_ENABLE_OBJC_ARC = YES;
				CLANG_ENABLE_OBJC_WEAK = YES;
				CLANG_WARN_BLOCK_CAPTURE_AUTORELEASING = YES;
				CLANG_WARN_BOOL_CONVERSION = YES;
				CLANG_WARN_COMMA = YES;
				CLANG_WARN_CONSTANT_CONVERSION = YES;
				CLANG_WARN_DEPRECATED_OBJC_IMPLEMENTATIONS = YES;
				CLANG_WARN_DIRECT_OBJC_ISA_USAGE = YES_ERROR;
				CLANG_WARN_DOCUMENTATION_COMMENTS = YES;
				CLANG_WARN_EMPTY_BODY = YES;
				CLANG_WARN_ENUM_CONVERSION = YES;
				CLANG_WARN_INFINITE_RECURSION = YES;
				CLANG_WARN_INT_CONVERSION = YES;
				CLANG_WARN_NON_LITERAL_NULL_CONVERSION = YES;
				CLANG_WARN_OBJC_IMPLICIT_RETAIN_SELF = YES;
				CLANG_WARN_OBJC_LITERAL_CONVERSION = YES;
				CLANG_WARN_OBJC_ROOT_CLASS = YES_ERROR;
				CLANG_WARN_RANGE_LOOP_ANALYSIS = YES;
				CLANG_WARN_STRICT_PROTOTYPES = YES;
				CLANG_WARN_SUSPICIOUS_MOVE = YES;
				CLANG_WARN_UNGUARDED_AVAILABILITY = YES_AGGRESSIVE;
				CLANG_WARN_UNREACHABLE_CODE = YES;
				CLANG_WARN__DUPLICATE_METHOD_MATCH = YES;
				COPY_PHASE_STRIP = NO;
				DEBUG_INFORMATION_FORMAT = "dwarf-with-dsym";
				ENABLE_NS_ASSERTIONS = NO;
				ENABLE_STRICT_OBJC_MSGSEND = YES;
				GCC_C_LANGUAGE_STANDARD = gnu11;
				GCC_NO_COMMON_BLOCKS = YES;
				GCC_WARN_64_TO_32_BIT_CONVERSION = YES;
				GCC_WARN_ABOUT_RETURN_TYPE = YES_ERROR;
				GCC_WARN_UNDECLARED_SELECTOR = YES;
				GCC_WARN_UNINITIALIZED_AUTOS = YES_AGGRESSIVE;
				GCC_WARN_UNUSED_FUNCTION = YES;
				GCC_WARN_UNUSED_VARIABLE = YES;
				IPHONEOS_DEPLOYMENT_TARGET = 13.5;
				MTL_ENABLE_DEBUG_INFO = NO;
				MTL_FAST_MATH = YES;
				SDKROOT = iphoneos;
				SWIFT_COMPILATION_MODE = wholemodule;
				SWIFT_OPTIMIZATION_LEVEL = "-O";
				VALIDATE_PRODUCT = YES;
			};
			name = Release;
		};
		FF10D27E24BC908700D318AD /* Debug */ = {
			isa = XCBuildConfiguration;
			buildSettings = {
				ASSETCATALOG_COMPILER_APPICON_NAME = AppIcon;
				CODE_SIGN_STYLE = Automatic;
				DEVELOPMENT_ASSET_PATHS = "\"OrderedListBasedOnOrderedRelationship/Preview Content\"";
				DEVELOPMENT_TEAM = 5NZZ2G4JD4;
				ENABLE_PREVIEWS = YES;
				INFOPLIST_FILE = OrderedListBasedOnOrderedRelationship/Info.plist;
				LD_RUNPATH_SEARCH_PATHS = (
					"$(inherited)",
					"@executable_path/Frameworks",
				);
				PRODUCT_BUNDLE_IDENTIFIER = com.jonhume.OrderedListBasedOnOrderedRelationship;
				PRODUCT_NAME = "$(TARGET_NAME)";
				SWIFT_VERSION = 5.0;
				TARGETED_DEVICE_FAMILY = "1,2";
			};
			name = Debug;
		};
		FF10D27F24BC908700D318AD /* Release */ = {
			isa = XCBuildConfiguration;
			buildSettings = {
				ASSETCATALOG_COMPILER_APPICON_NAME = AppIcon;
				CODE_SIGN_STYLE = Automatic;
				DEVELOPMENT_ASSET_PATHS = "\"OrderedListBasedOnOrderedRelationship/Preview Content\"";
				DEVELOPMENT_TEAM = 5NZZ2G4JD4;
				ENABLE_PREVIEWS = YES;
				INFOPLIST_FILE = OrderedListBasedOnOrderedRelationship/Info.plist;
				LD_RUNPATH_SEARCH_PATHS = (
					"$(inherited)",
					"@executable_path/Frameworks",
				);
				PRODUCT_BUNDLE_IDENTIFIER = com.jonhume.OrderedListBasedOnOrderedRelationship;
				PRODUCT_NAME = "$(TARGET_NAME)";
				SWIFT_VERSION = 5.0;
				TARGETED_DEVICE_FAMILY = "1,2";
			};
			name = Release;
		};
/* End XCBuildConfiguration section */

/* Begin XCConfigurationList section */
		FF10D26124BC908400D318AD /* Build configuration list for PBXProject "OrderedListBasedOnOrderedRelationship" */ = {
			isa = XCConfigurationList;
			buildConfigurations = (
				FF10D27B24BC908700D318AD /* Debug */,
				FF10D27C24BC908700D318AD /* Release */,
			);
			defaultConfigurationIsVisible = 0;
			defaultConfigurationName = Release;
		};
		FF10D27D24BC908700D318AD /* Build configuration list for PBXNativeTarget "OrderedListBasedOnOrderedRelationship" */ = {
			isa = XCConfigurationList;
			buildConfigurations = (
				FF10D27E24BC908700D318AD /* Debug */,
				FF10D27F24BC908700D318AD /* Release */,
			);
			defaultConfigurationIsVisible = 0;
			defaultConfigurationName = Release;
		};
/* End XCConfigurationList section */

/* Begin XCVersionGroup section */
		FFC8AFD224BF27E10048DB25 /* Model.xcdatamodeld */ = {
			isa = XCVersionGroup;
			children = (
				FFC8AFD324BF27E10048DB25 /* Model.xcdatamodel */,
			);
			currentVersion = FFC8AFD324BF27E10048DB25 /* Model.xcdatamodel */;
			path = Model.xcdatamodeld;
			sourceTree = "<group>";
			versionGroupType = wrapper.xcdatamodel;
		};
/* End XCVersionGroup section */
	};
	rootObject = FF10D25E24BC908400D318AD /* Project object */;
}
